// !$*UTF8*$!
{
	archiveVersion = 1;
	classes = {
	};
	objectVersion = 55;
	objects = {

/* Begin PBXBuildFile section */
		38384C08288EDCFF00901B9A /* ItemFoodCollectionViewCell.swift in Sources */ = {isa = PBXBuildFile; fileRef = 38384C06288EDCFF00901B9A /* ItemFoodCollectionViewCell.swift */; };
		38384C09288EDCFF00901B9A /* ItemFoodCollectionViewCell.xib in Resources */ = {isa = PBXBuildFile; fileRef = 38384C07288EDCFF00901B9A /* ItemFoodCollectionViewCell.xib */; };
		38384C0D288EF06F00901B9A /* CartViewController.swift in Sources */ = {isa = PBXBuildFile; fileRef = 38384C0B288EF06F00901B9A /* CartViewController.swift */; };
		38384C0E288EF06F00901B9A /* CartViewController.xib in Resources */ = {isa = PBXBuildFile; fileRef = 38384C0C288EF06F00901B9A /* CartViewController.xib */; };
		38384C11288EFF1300901B9A /* CartTableViewCell.swift in Sources */ = {isa = PBXBuildFile; fileRef = 38384C0F288EFF1300901B9A /* CartTableViewCell.swift */; };
		38384C12288EFF1300901B9A /* CartTableViewCell.xib in Resources */ = {isa = PBXBuildFile; fileRef = 38384C10288EFF1300901B9A /* CartTableViewCell.xib */; };
		38A1A61D288D955B004A8D2B /* AppDelegate.swift in Sources */ = {isa = PBXBuildFile; fileRef = 38A1A61C288D955B004A8D2B /* AppDelegate.swift */; };
		38A1A624288D955B004A8D2B /* Main.storyboard in Resources */ = {isa = PBXBuildFile; fileRef = 38A1A622288D955B004A8D2B /* Main.storyboard */; };
		38A1A626288D955D004A8D2B /* Assets.xcassets in Resources */ = {isa = PBXBuildFile; fileRef = 38A1A625288D955D004A8D2B /* Assets.xcassets */; };
		38A1A629288D955D004A8D2B /* LaunchScreen.storyboard in Resources */ = {isa = PBXBuildFile; fileRef = 38A1A627288D955D004A8D2B /* LaunchScreen.storyboard */; };
		38A1A650288D95D4004A8D2B /* HomeViewController.swift in Sources */ = {isa = PBXBuildFile; fileRef = 38A1A64E288D95D4004A8D2B /* HomeViewController.swift */; };
		38A1A651288D95D4004A8D2B /* HomeViewController.xib in Resources */ = {isa = PBXBuildFile; fileRef = 38A1A64F288D95D4004A8D2B /* HomeViewController.xib */; };
		38A1A654288D95E6004A8D2B /* FavoriteViewController.swift in Sources */ = {isa = PBXBuildFile; fileRef = 38A1A652288D95E6004A8D2B /* FavoriteViewController.swift */; };
		38A1A655288D95E6004A8D2B /* FavoriteViewController.xib in Resources */ = {isa = PBXBuildFile; fileRef = 38A1A653288D95E6004A8D2B /* FavoriteViewController.xib */; };
		38A1A659288DA08C004A8D2B /* SliderCollectionViewCell.swift in Sources */ = {isa = PBXBuildFile; fileRef = 38A1A657288DA08C004A8D2B /* SliderCollectionViewCell.swift */; };
		38A1A65A288DA08C004A8D2B /* SliderCollectionViewCell.xib in Resources */ = {isa = PBXBuildFile; fileRef = 38A1A658288DA08C004A8D2B /* SliderCollectionViewCell.xib */; };
		38F0AB30288FA4B800532852 /* AlertCustomViewController.swift in Sources */ = {isa = PBXBuildFile; fileRef = 38F0AB2E288FA4B800532852 /* AlertCustomViewController.swift */; };
		38F0AB31288FA4B800532852 /* AlertCustomViewController.xib in Resources */ = {isa = PBXBuildFile; fileRef = 38F0AB2F288FA4B800532852 /* AlertCustomViewController.xib */; };
/* End PBXBuildFile section */

/* Begin PBXContainerItemProxy section */
		38A1A630288D955D004A8D2B /* PBXContainerItemProxy */ = {
			isa = PBXContainerItemProxy;
			containerPortal = 38A1A611288D955B004A8D2B /* Project object */;
			proxyType = 1;
			remoteGlobalIDString = 38A1A618288D955B004A8D2B;
			remoteInfo = FoodDeliveryApp;
		};
		38A1A63A288D955D004A8D2B /* PBXContainerItemProxy */ = {
			isa = PBXContainerItemProxy;
			containerPortal = 38A1A611288D955B004A8D2B /* Project object */;
			proxyType = 1;
			remoteGlobalIDString = 38A1A618288D955B004A8D2B;
			remoteInfo = FoodDeliveryApp;
		};
/* End PBXContainerItemProxy section */

/* Begin PBXFileReference section */
		38384C06288EDCFF00901B9A /* ItemFoodCollectionViewCell.swift */ = {isa = PBXFileReference; lastKnownFileType = sourcecode.swift; path = ItemFoodCollectionViewCell.swift; sourceTree = "<group>"; };
		38384C07288EDCFF00901B9A /* ItemFoodCollectionViewCell.xib */ = {isa = PBXFileReference; lastKnownFileType = file.xib; path = ItemFoodCollectionViewCell.xib; sourceTree = "<group>"; };
		38384C0B288EF06F00901B9A /* CartViewController.swift */ = {isa = PBXFileReference; lastKnownFileType = sourcecode.swift; path = CartViewController.swift; sourceTree = "<group>"; };
		38384C0C288EF06F00901B9A /* CartViewController.xib */ = {isa = PBXFileReference; lastKnownFileType = file.xib; path = CartViewController.xib; sourceTree = "<group>"; };
		38384C0F288EFF1300901B9A /* CartTableViewCell.swift */ = {isa = PBXFileReference; lastKnownFileType = sourcecode.swift; path = CartTableViewCell.swift; sourceTree = "<group>"; };
		38384C10288EFF1300901B9A /* CartTableViewCell.xib */ = {isa = PBXFileReference; lastKnownFileType = file.xib; path = CartTableViewCell.xib; sourceTree = "<group>"; };
		38A1A619288D955B004A8D2B /* FoodDeliveryApp.app */ = {isa = PBXFileReference; explicitFileType = wrapper.application; includeInIndex = 0; path = FoodDeliveryApp.app; sourceTree = BUILT_PRODUCTS_DIR; };
		38A1A61C288D955B004A8D2B /* AppDelegate.swift */ = {isa = PBXFileReference; lastKnownFileType = sourcecode.swift; path = AppDelegate.swift; sourceTree = "<group>"; };
		38A1A623288D955B004A8D2B /* Base */ = {isa = PBXFileReference; lastKnownFileType = file.storyboard; name = Base; path = Base.lproj/Main.storyboard; sourceTree = "<group>"; };
		38A1A625288D955D004A8D2B /* Assets.xcassets */ = {isa = PBXFileReference; lastKnownFileType = folder.assetcatalog; path = Assets.xcassets; sourceTree = "<group>"; };
		38A1A628288D955D004A8D2B /* Base */ = {isa = PBXFileReference; lastKnownFileType = file.storyboard; name = Base; path = Base.lproj/LaunchScreen.storyboard; sourceTree = "<group>"; };
		38A1A62A288D955D004A8D2B /* Info.plist */ = {isa = PBXFileReference; lastKnownFileType = text.plist.xml; path = Info.plist; sourceTree = "<group>"; };
		38A1A62F288D955D004A8D2B /* FoodDeliveryAppTests.xctest */ = {isa = PBXFileReference; explicitFileType = wrapper.cfbundle; includeInIndex = 0; path = FoodDeliveryAppTests.xctest; sourceTree = BUILT_PRODUCTS_DIR; };
		38A1A639288D955D004A8D2B /* FoodDeliveryAppUITests.xctest */ = {isa = PBXFileReference; explicitFileType = wrapper.cfbundle; includeInIndex = 0; path = FoodDeliveryAppUITests.xctest; sourceTree = BUILT_PRODUCTS_DIR; };
		38A1A64E288D95D4004A8D2B /* HomeViewController.swift */ = {isa = PBXFileReference; lastKnownFileType = sourcecode.swift; path = HomeViewController.swift; sourceTree = "<group>"; };
		38A1A64F288D95D4004A8D2B /* HomeViewController.xib */ = {isa = PBXFileReference; lastKnownFileType = file.xib; path = HomeViewController.xib; sourceTree = "<group>"; };
		38A1A652288D95E6004A8D2B /* FavoriteViewController.swift */ = {isa = PBXFileReference; lastKnownFileType = sourcecode.swift; path = FavoriteViewController.swift; sourceTree = "<group>"; };
		38A1A653288D95E6004A8D2B /* FavoriteViewController.xib */ = {isa = PBXFileReference; lastKnownFileType = file.xib; path = FavoriteViewController.xib; sourceTree = "<group>"; };
		38A1A657288DA08C004A8D2B /* SliderCollectionViewCell.swift */ = {isa = PBXFileReference; lastKnownFileType = sourcecode.swift; path = SliderCollectionViewCell.swift; sourceTree = "<group>"; };
		38A1A658288DA08C004A8D2B /* SliderCollectionViewCell.xib */ = {isa = PBXFileReference; lastKnownFileType = file.xib; path = SliderCollectionViewCell.xib; sourceTree = "<group>"; };
		38F0AB2E288FA4B800532852 /* AlertCustomViewController.swift */ = {isa = PBXFileReference; lastKnownFileType = sourcecode.swift; path = AlertCustomViewController.swift; sourceTree = "<group>"; };
		38F0AB2F288FA4B800532852 /* AlertCustomViewController.xib */ = {isa = PBXFileReference; lastKnownFileType = file.xib; path = AlertCustomViewController.xib; sourceTree = "<group>"; };
/* End PBXFileReference section */

/* Begin PBXFrameworksBuildPhase section */
		38A1A616288D955B004A8D2B /* Frameworks */ = {
			isa = PBXFrameworksBuildPhase;
			buildActionMask = 2147483647;
			files = (
			);
			runOnlyForDeploymentPostprocessing = 0;
		};
		38A1A62C288D955D004A8D2B /* Frameworks */ = {
			isa = PBXFrameworksBuildPhase;
			buildActionMask = 2147483647;
			files = (
			);
			runOnlyForDeploymentPostprocessing = 0;
		};
		38A1A636288D955D004A8D2B /* Frameworks */ = {
			isa = PBXFrameworksBuildPhase;
			buildActionMask = 2147483647;
			files = (
			);
			runOnlyForDeploymentPostprocessing = 0;
		};
/* End PBXFrameworksBuildPhase section */

/* Begin PBXGroup section */
		38384C0A288EF04D00901B9A /* ViewController */ = {
			isa = PBXGroup;
			children = (
				38384C0B288EF06F00901B9A /* CartViewController.swift */,
				38384C0C288EF06F00901B9A /* CartViewController.xib */,
			);
			path = ViewController;
			sourceTree = "<group>";
		};
		38A1A610288D955B004A8D2B = {
			isa = PBXGroup;
			children = (
				38A1A61B288D955B004A8D2B /* FoodDeliveryApp */,
				38A1A61A288D955B004A8D2B /* Products */,
			);
			sourceTree = "<group>";
		};
		38A1A61A288D955B004A8D2B /* Products */ = {
			isa = PBXGroup;
			children = (
				38A1A619288D955B004A8D2B /* FoodDeliveryApp.app */,
				38A1A62F288D955D004A8D2B /* FoodDeliveryAppTests.xctest */,
				38A1A639288D955D004A8D2B /* FoodDeliveryAppUITests.xctest */,
			);
			name = Products;
			sourceTree = "<group>";
		};
		38A1A61B288D955B004A8D2B /* FoodDeliveryApp */ = {
			isa = PBXGroup;
			children = (
				38F0AB2D288FA24B00532852 /* CustomAlert */,
				38384C0A288EF04D00901B9A /* ViewController */,
				38A1A656288DA068004A8D2B /* CellView */,
				38A1A64D288D95BD004A8D2B /* Favorite */,
				38A1A64C288D95AE004A8D2B /* Home */,
				38A1A61C288D955B004A8D2B /* AppDelegate.swift */,
				38A1A622288D955B004A8D2B /* Main.storyboard */,
				38A1A625288D955D004A8D2B /* Assets.xcassets */,
				38A1A627288D955D004A8D2B /* LaunchScreen.storyboard */,
				38A1A62A288D955D004A8D2B /* Info.plist */,
			);
			path = FoodDeliveryApp;
			sourceTree = "<group>";
		};
		38A1A64C288D95AE004A8D2B /* Home */ = {
			isa = PBXGroup;
			children = (
				38A1A64E288D95D4004A8D2B /* HomeViewController.swift */,
				38A1A64F288D95D4004A8D2B /* HomeViewController.xib */,
			);
			path = Home;
			sourceTree = "<group>";
		};
		38A1A64D288D95BD004A8D2B /* Favorite */ = {
			isa = PBXGroup;
			children = (
				38A1A652288D95E6004A8D2B /* FavoriteViewController.swift */,
				38A1A653288D95E6004A8D2B /* FavoriteViewController.xib */,
			);
			path = Favorite;
			sourceTree = "<group>";
		};
		38A1A656288DA068004A8D2B /* CellView */ = {
			isa = PBXGroup;
			children = (
				38A1A657288DA08C004A8D2B /* SliderCollectionViewCell.swift */,
				38A1A658288DA08C004A8D2B /* SliderCollectionViewCell.xib */,
				38384C06288EDCFF00901B9A /* ItemFoodCollectionViewCell.swift */,
				38384C07288EDCFF00901B9A /* ItemFoodCollectionViewCell.xib */,
				38384C0F288EFF1300901B9A /* CartTableViewCell.swift */,
				38384C10288EFF1300901B9A /* CartTableViewCell.xib */,
			);
			path = CellView;
			sourceTree = "<group>";
		};
		38F0AB2D288FA24B00532852 /* CustomAlert */ = {
			isa = PBXGroup;
			children = (
				38F0AB2E288FA4B800532852 /* AlertCustomViewController.swift */,
				38F0AB2F288FA4B800532852 /* AlertCustomViewController.xib */,
			);
			path = CustomAlert;
			sourceTree = "<group>";
		};
/* End PBXGroup section */

/* Begin PBXNativeTarget section */
		38A1A618288D955B004A8D2B /* FoodDeliveryApp */ = {
			isa = PBXNativeTarget;
			buildConfigurationList = 38A1A643288D955D004A8D2B /* Build configuration list for PBXNativeTarget "FoodDeliveryApp" */;
			buildPhases = (
				38A1A615288D955B004A8D2B /* Sources */,
				38A1A616288D955B004A8D2B /* Frameworks */,
				38A1A617288D955B004A8D2B /* Resources */,
			);
			buildRules = (
			);
			dependencies = (
			);
			name = FoodDeliveryApp;
			productName = FoodDeliveryApp;
			productReference = 38A1A619288D955B004A8D2B /* FoodDeliveryApp.app */;
			productType = "com.apple.product-type.application";
		};
		38A1A62E288D955D004A8D2B /* FoodDeliveryAppTests */ = {
			isa = PBXNativeTarget;
			buildConfigurationList = 38A1A646288D955D004A8D2B /* Build configuration list for PBXNativeTarget "FoodDeliveryAppTests" */;
			buildPhases = (
				38A1A62B288D955D004A8D2B /* Sources */,
				38A1A62C288D955D004A8D2B /* Frameworks */,
				38A1A62D288D955D004A8D2B /* Resources */,
			);
			buildRules = (
			);
			dependencies = (
				38A1A631288D955D004A8D2B /* PBXTargetDependency */,
			);
			name = FoodDeliveryAppTests;
			productName = FoodDeliveryAppTests;
			productReference = 38A1A62F288D955D004A8D2B /* FoodDeliveryAppTests.xctest */;
			productType = "com.apple.product-type.bundle.unit-test";
		};
		38A1A638288D955D004A8D2B /* FoodDeliveryAppUITests */ = {
			isa = PBXNativeTarget;
			buildConfigurationList = 38A1A649288D955D004A8D2B /* Build configuration list for PBXNativeTarget "FoodDeliveryAppUITests" */;
			buildPhases = (
				38A1A635288D955D004A8D2B /* Sources */,
				38A1A636288D955D004A8D2B /* Frameworks */,
				38A1A637288D955D004A8D2B /* Resources */,
			);
			buildRules = (
			);
			dependencies = (
				38A1A63B288D955D004A8D2B /* PBXTargetDependency */,
			);
			name = FoodDeliveryAppUITests;
			productName = FoodDeliveryAppUITests;
			productReference = 38A1A639288D955D004A8D2B /* FoodDeliveryAppUITests.xctest */;
			productType = "com.apple.product-type.bundle.ui-testing";
		};
/* End PBXNativeTarget section */

/* Begin PBXProject section */
		38A1A611288D955B004A8D2B /* Project object */ = {
			isa = PBXProject;
			attributes = {
				BuildIndependentTargetsInParallel = 1;
				LastSwiftUpdateCheck = 1340;
				LastUpgradeCheck = 1340;
				TargetAttributes = {
					38A1A618288D955B004A8D2B = {
						CreatedOnToolsVersion = 13.4.1;
					};
					38A1A62E288D955D004A8D2B = {
						CreatedOnToolsVersion = 13.4.1;
						TestTargetID = 38A1A618288D955B004A8D2B;
					};
					38A1A638288D955D004A8D2B = {
						CreatedOnToolsVersion = 13.4.1;
						TestTargetID = 38A1A618288D955B004A8D2B;
					};
				};
			};
			buildConfigurationList = 38A1A614288D955B004A8D2B /* Build configuration list for PBXProject "FoodDeliveryApp" */;
			compatibilityVersion = "Xcode 13.0";
			developmentRegion = en;
			hasScannedForEncodings = 0;
			knownRegions = (
				en,
				Base,
			);
			mainGroup = 38A1A610288D955B004A8D2B;
			productRefGroup = 38A1A61A288D955B004A8D2B /* Products */;
			projectDirPath = "";
			projectRoot = "";
			targets = (
				38A1A618288D955B004A8D2B /* FoodDeliveryApp */,
				38A1A62E288D955D004A8D2B /* FoodDeliveryAppTests */,
				38A1A638288D955D004A8D2B /* FoodDeliveryAppUITests */,
			);
		};
/* End PBXProject section */

/* Begin PBXResourcesBuildPhase section */
		38A1A617288D955B004A8D2B /* Resources */ = {
			isa = PBXResourcesBuildPhase;
			buildActionMask = 2147483647;
			files = (
				38384C12288EFF1300901B9A /* CartTableViewCell.xib in Resources */,
				38384C0E288EF06F00901B9A /* CartViewController.xib in Resources */,
				38F0AB31288FA4B800532852 /* AlertCustomViewController.xib in Resources */,
				38384C09288EDCFF00901B9A /* ItemFoodCollectionViewCell.xib in Resources */,
				38A1A629288D955D004A8D2B /* LaunchScreen.storyboard in Resources */,
				38A1A626288D955D004A8D2B /* Assets.xcassets in Resources */,
				38A1A624288D955B004A8D2B /* Main.storyboard in Resources */,
				38A1A655288D95E6004A8D2B /* FavoriteViewController.xib in Resources */,
				38A1A651288D95D4004A8D2B /* HomeViewController.xib in Resources */,
				38A1A65A288DA08C004A8D2B /* SliderCollectionViewCell.xib in Resources */,
			);
			runOnlyForDeploymentPostprocessing = 0;
		};
		38A1A62D288D955D004A8D2B /* Resources */ = {
			isa = PBXResourcesBuildPhase;
			buildActionMask = 2147483647;
			files = (
			);
			runOnlyForDeploymentPostprocessing = 0;
		};
		38A1A637288D955D004A8D2B /* Resources */ = {
			isa = PBXResourcesBuildPhase;
			buildActionMask = 2147483647;
			files = (
			);
			runOnlyForDeploymentPostprocessing = 0;
		};
/* End PBXResourcesBuildPhase section */

/* Begin PBXSourcesBuildPhase section */
		38A1A615288D955B004A8D2B /* Sources */ = {
			isa = PBXSourcesBuildPhase;
			buildActionMask = 2147483647;
			files = (
				38384C11288EFF1300901B9A /* CartTableViewCell.swift in Sources */,
				38384C08288EDCFF00901B9A /* ItemFoodCollectionViewCell.swift in Sources */,
				38A1A61D288D955B004A8D2B /* AppDelegate.swift in Sources */,
				38A1A654288D95E6004A8D2B /* FavoriteViewController.swift in Sources */,
				38F0AB30288FA4B800532852 /* AlertCustomViewController.swift in Sources */,
				38A1A650288D95D4004A8D2B /* HomeViewController.swift in Sources */,
				38384C0D288EF06F00901B9A /* CartViewController.swift in Sources */,
				38A1A659288DA08C004A8D2B /* SliderCollectionViewCell.swift in Sources */,
			);
			runOnlyForDeploymentPostprocessing = 0;
		};
		38A1A62B288D955D004A8D2B /* Sources */ = {
			isa = PBXSourcesBuildPhase;
			buildActionMask = 2147483647;
			files = (
			);
			runOnlyForDeploymentPostprocessing = 0;
		};
		38A1A635288D955D004A8D2B /* Sources */ = {
			isa = PBXSourcesBuildPhase;
			buildActionMask = 2147483647;
			files = (
			);
			runOnlyForDeploymentPostprocessing = 0;
		};
/* End PBXSourcesBuildPhase section */

/* Begin PBXTargetDependency section */
		38A1A631288D955D004A8D2B /* PBXTargetDependency */ = {
			isa = PBXTargetDependency;
			target = 38A1A618288D955B004A8D2B /* FoodDeliveryApp */;
			targetProxy = 38A1A630288D955D004A8D2B /* PBXContainerItemProxy */;
		};
		38A1A63B288D955D004A8D2B /* PBXTargetDependency */ = {
			isa = PBXTargetDependency;
			target = 38A1A618288D955B004A8D2B /* FoodDeliveryApp */;
			targetProxy = 38A1A63A288D955D004A8D2B /* PBXContainerItemProxy */;
		};
/* End PBXTargetDependency section */

/* Begin PBXVariantGroup section */
		38A1A622288D955B004A8D2B /* Main.storyboard */ = {
			isa = PBXVariantGroup;
			children = (
				38A1A623288D955B004A8D2B /* Base */,
			);
			name = Main.storyboard;
			sourceTree = "<group>";
		};
		38A1A627288D955D004A8D2B /* LaunchScreen.storyboard */ = {
			isa = PBXVariantGroup;
			children = (
				38A1A628288D955D004A8D2B /* Base */,
			);
			name = LaunchScreen.storyboard;
			sourceTree = "<group>";
		};
/* End PBXVariantGroup section */

/* Begin XCBuildConfiguration section */
		38A1A641288D955D004A8D2B /* Debug */ = {
			isa = XCBuildConfiguration;
			buildSettings = {
				ALWAYS_SEARCH_USER_PATHS = NO;
				CLANG_ANALYZER_NONNULL = YES;
				CLANG_ANALYZER_NUMBER_OBJECT_CONVERSION = YES_AGGRESSIVE;
				CLANG_CXX_LANGUAGE_STANDARD = "gnu++17";
				CLANG_ENABLE_MODULES = YES;
				CLANG_ENABLE_OBJC_ARC = YES;
				CLANG_ENABLE_OBJC_WEAK = YES;
				CLANG_WARN_BLOCK_CAPTURE_AUTORELEASING = YES;
				CLANG_WARN_BOOL_CONVERSION = YES;
				CLANG_WARN_COMMA = YES;
				CLANG_WARN_CONSTANT_CONVERSION = YES;
				CLANG_WARN_DEPRECATED_OBJC_IMPLEMENTATIONS = YES;
				CLANG_WARN_DIRECT_OBJC_ISA_USAGE = YES_ERROR;
				CLANG_WARN_DOCUMENTATION_COMMENTS = YES;
				CLANG_WARN_EMPTY_BODY = YES;
				CLANG_WARN_ENUM_CONVERSION = YES;
				CLANG_WARN_INFINITE_RECURSION = YES;
				CLANG_WARN_INT_CONVERSION = YES;
				CLANG_WARN_NON_LITERAL_NULL_CONVERSION = YES;
				CLANG_WARN_OBJC_IMPLICIT_RETAIN_SELF = YES;
				CLANG_WARN_OBJC_LITERAL_CONVERSION = YES;
				CLANG_WARN_OBJC_ROOT_CLASS = YES_ERROR;
				CLANG_WARN_QUOTED_INCLUDE_IN_FRAMEWORK_HEADER = YES;
				CLANG_WARN_RANGE_LOOP_ANALYSIS = YES;
				CLANG_WARN_STRICT_PROTOTYPES = YES;
				CLANG_WARN_SUSPICIOUS_MOVE = YES;
				CLANG_WARN_UNGUARDED_AVAILABILITY = YES_AGGRESSIVE;
				CLANG_WARN_UNREACHABLE_CODE = YES;
				CLANG_WARN__DUPLICATE_METHOD_MATCH = YES;
				COPY_PHASE_STRIP = NO;
				DEBUG_INFORMATION_FORMAT = dwarf;
				ENABLE_STRICT_OBJC_MSGSEND = YES;
				ENABLE_TESTABILITY = YES;
				GCC_C_LANGUAGE_STANDARD = gnu11;
				GCC_DYNAMIC_NO_PIC = NO;
				GCC_NO_COMMON_BLOCKS = YES;
				GCC_OPTIMIZATION_LEVEL = 0;
				GCC_PREPROCESSOR_DEFINITIONS = (
					"DEBUG=1",
					"$(inherited)",
				);
				GCC_WARN_64_TO_32_BIT_CONVERSION = YES;
				GCC_WARN_ABOUT_RETURN_TYPE = YES_ERROR;
				GCC_WARN_UNDECLARED_SELECTOR = YES;
				GCC_WARN_UNINITIALIZED_AUTOS = YES_AGGRESSIVE;
				GCC_WARN_UNUSED_FUNCTION = YES;
				GCC_WARN_UNUSED_VARIABLE = YES;
				IPHONEOS_DEPLOYMENT_TARGET = 15.5;
				MTL_ENABLE_DEBUG_INFO = INCLUDE_SOURCE;
				MTL_FAST_MATH = YES;
				ONLY_ACTIVE_ARCH = YES;
				SDKROOT = iphoneos;
				SWIFT_ACTIVE_COMPILATION_CONDITIONS = DEBUG;
				SWIFT_OPTIMIZATION_LEVEL = "-Onone";
			};
			name = Debug;
		};
		38A1A642288D955D004A8D2B /* Release */ = {
			isa = XCBuildConfiguration;
			buildSettings = {
				ALWAYS_SEARCH_USER_PATHS = NO;
				CLANG_ANALYZER_NONNULL = YES;
				CLANG_ANALYZER_NUMBER_OBJECT_CONVERSION = YES_AGGRESSIVE;
				CLANG_CXX_LANGUAGE_STANDARD = "gnu++17";
				CLANG_ENABLE_MODULES = YES;
				CLANG_ENABLE_OBJC_ARC = YES;
				CLANG_ENABLE_OBJC_WEAK = YES;
				CLANG_WARN_BLOCK_CAPTURE_AUTORELEASING = YES;
				CLANG_WARN_BOOL_CONVERSION = YES;
				CLANG_WARN_COMMA = YES;
				CLANG_WARN_CONSTANT_CONVERSION = YES;
				CLANG_WARN_DEPRECATED_OBJC_IMPLEMENTATIONS = YES;
				CLANG_WARN_DIRECT_OBJC_ISA_USAGE = YES_ERROR;
				CLANG_WARN_DOCUMENTATION_COMMENTS = YES;
				CLANG_WARN_EMPTY_BODY = YES;
				CLANG_WARN_ENUM_CONVERSION = YES;
				CLANG_WARN_INFINITE_RECURSION = YES;
				CLANG_WARN_INT_CONVERSION = YES;
				CLANG_WARN_NON_LITERAL_NULL_CONVERSION = YES;
				CLANG_WARN_OBJC_IMPLICIT_RETAIN_SELF = YES;
				CLANG_WARN_OBJC_LITERAL_CONVERSION = YES;
				CLANG_WARN_OBJC_ROOT_CLASS = YES_ERROR;
				CLANG_WARN_QUOTED_INCLUDE_IN_FRAMEWORK_HEADER = YES;
				CLANG_WARN_RANGE_LOOP_ANALYSIS = YES;
				CLANG_WARN_STRICT_PROTOTYPES = YES;
				CLANG_WARN_SUSPICIOUS_MOVE = YES;
				CLANG_WARN_UNGUARDED_AVAILABILITY = YES_AGGRESSIVE;
				CLANG_WARN_UNREACHABLE_CODE = YES;
				CLANG_WARN__DUPLICATE_METHOD_MATCH = YES;
				COPY_PHASE_STRIP = NO;
				DEBUG_INFORMATION_FORMAT = "dwarf-with-dsym";
				ENABLE_NS_ASSERTIONS = NO;
				ENABLE_STRICT_OBJC_MSGSEND = YES;
				GCC_C_LANGUAGE_STANDARD = gnu11;
				GCC_NO_COMMON_BLOCKS = YES;
				GCC_WARN_64_TO_32_BIT_CONVERSION = YES;
				GCC_WARN_ABOUT_RETURN_TYPE = YES_ERROR;
				GCC_WARN_UNDECLARED_SELECTOR = YES;
				GCC_WARN_UNINITIALIZED_AUTOS = YES_AGGRESSIVE;
				GCC_WARN_UNUSED_FUNCTION = YES;
				GCC_WARN_UNUSED_VARIABLE = YES;
				IPHONEOS_DEPLOYMENT_TARGET = 15.5;
				MTL_ENABLE_DEBUG_INFO = NO;
				MTL_FAST_MATH = YES;
				SDKROOT = iphoneos;
				SWIFT_COMPILATION_MODE = wholemodule;
				SWIFT_OPTIMIZATION_LEVEL = "-O";
				VALIDATE_PRODUCT = YES;
			};
			name = Release;
		};
		38A1A644288D955D004A8D2B /* Debug */ = {
			isa = XCBuildConfiguration;
			buildSettings = {
				ASSETCATALOG_COMPILER_APPICON_NAME = AppIcon;
				ASSETCATALOG_COMPILER_GLOBAL_ACCENT_COLOR_NAME = AccentColor;
				CODE_SIGN_STYLE = Automatic;
				CURRENT_PROJECT_VERSION = 1;
				GENERATE_INFOPLIST_FILE = YES;
				INFOPLIST_FILE = FoodDeliveryApp/Info.plist;
				INFOPLIST_KEY_UIApplicationSupportsIndirectInputEvents = YES;
				INFOPLIST_KEY_UILaunchStoryboardName = LaunchScreen;
				INFOPLIST_KEY_UISupportedInterfaceOrientations_iPad = "UIInterfaceOrientationPortrait UIInterfaceOrientationPortraitUpsideDown UIInterfaceOrientationLandscapeLeft UIInterfaceOrientationLandscapeRight";
				INFOPLIST_KEY_UISupportedInterfaceOrientations_iPhone = "UIInterfaceOrientationPortrait UIInterfaceOrientationLandscapeLeft UIInterfaceOrientationLandscapeRight";
				LD_RUNPATH_SEARCH_PATHS = (
					"$(inherited)",
					"@executable_path/Frameworks",
				);
				MARKETING_VERSION = 1.0;
				PRODUCT_BUNDLE_IDENTIFIER = com.luongtran.FoodDeliveryApp;
				PRODUCT_NAME = "$(TARGET_NAME)";
				SWIFT_EMIT_LOC_STRINGS = YES;
				SWIFT_VERSION = 5.0;
				TARGETED_DEVICE_FAMILY = "1,2";
			};
			name = Debug;
		};
		38A1A645288D955D004A8D2B /* Release */ = {
			isa = XCBuildConfiguration;
			buildSettings = {
				ASSETCATALOG_COMPILER_APPICON_NAME = AppIcon;
				ASSETCATALOG_COMPILER_GLOBAL_ACCENT_COLOR_NAME = AccentColor;
				CODE_SIGN_STYLE = Automatic;
				CURRENT_PROJECT_VERSION = 1;
				GENERATE_INFOPLIST_FILE = YES;
				INFOPLIST_FILE = FoodDeliveryApp/Info.plist;
				INFOPLIST_KEY_UIApplicationSupportsIndirectInputEvents = YES;
				INFOPLIST_KEY_UILaunchStoryboardName = LaunchScreen;
				INFOPLIST_KEY_UISupportedInterfaceOrientations_iPad = "UIInterfaceOrientationPortrait UIInterfaceOrientationPortraitUpsideDown UIInterfaceOrientationLandscapeLeft UIInterfaceOrientationLandscapeRight";
				INFOPLIST_KEY_UISupportedInterfaceOrientations_iPhone = "UIInterfaceOrientationPortrait UIInterfaceOrientationLandscapeLeft UIInterfaceOrientationLandscapeRight";
				LD_RUNPATH_SEARCH_PATHS = (
					"$(inherited)",
					"@executable_path/Frameworks",
				);
				MARKETING_VERSION = 1.0;
				PRODUCT_BUNDLE_IDENTIFIER = com.luongtran.FoodDeliveryApp;
				PRODUCT_NAME = "$(TARGET_NAME)";
				SWIFT_EMIT_LOC_STRINGS = YES;
				SWIFT_VERSION = 5.0;
				TARGETED_DEVICE_FAMILY = "1,2";
			};
			name = Release;
		};
		38A1A647288D955D004A8D2B /* Debug */ = {
			isa = XCBuildConfiguration;
			buildSettings = {
				ALWAYS_EMBED_SWIFT_STANDARD_LIBRARIES = YES;
				BUNDLE_LOADER = "$(TEST_HOST)";
				CODE_SIGN_STYLE = Automatic;
				CURRENT_PROJECT_VERSION = 1;
				GENERATE_INFOPLIST_FILE = YES;
				IPHONEOS_DEPLOYMENT_TARGET = 15.5;
				MARKETING_VERSION = 1.0;
				PRODUCT_BUNDLE_IDENTIFIER = com.luongtran.FoodDeliveryAppTests;
				PRODUCT_NAME = "$(TARGET_NAME)";
				SWIFT_EMIT_LOC_STRINGS = NO;
				SWIFT_VERSION = 5.0;
				TARGETED_DEVICE_FAMILY = "1,2";
				TEST_HOST = "$(BUILT_PRODUCTS_DIR)/FoodDeliveryApp.app/FoodDeliveryApp";
			};
			name = Debug;
		};
		38A1A648288D955D004A8D2B /* Release */ = {
			isa = XCBuildConfiguration;
			buildSettings = {
				ALWAYS_EMBED_SWIFT_STANDARD_LIBRARIES = YES;
				BUNDLE_LOADER = "$(TEST_HOST)";
				CODE_SIGN_STYLE = Automatic;
				CURRENT_PROJECT_VERSION = 1;
				GENERATE_INFOPLIST_FILE = YES;
				IPHONEOS_DEPLOYMENT_TARGET = 15.5;
				MARKETING_VERSION = 1.0;
				PRODUCT_BUNDLE_IDENTIFIER = com.luongtran.FoodDeliveryAppTests;
				PRODUCT_NAME = "$(TARGET_NAME)";
				SWIFT_EMIT_LOC_STRINGS = NO;
				SWIFT_VERSION = 5.0;
				TARGETED_DEVICE_FAMILY = "1,2";
				TEST_HOST = "$(BUILT_PRODUCTS_DIR)/FoodDeliveryApp.app/FoodDeliveryApp";
			};
			name = Release;
		};
		38A1A64A288D955D004A8D2B /* Debug */ = {
			isa = XCBuildConfiguration;
			buildSettings = {
				ALWAYS_EMBED_SWIFT_STANDARD_LIBRARIES = YES;
				CODE_SIGN_STYLE = Automatic;
				CURRENT_PROJECT_VERSION = 1;
				GENERATE_INFOPLIST_FILE = YES;
				MARKETING_VERSION = 1.0;
				PRODUCT_BUNDLE_IDENTIFIER = com.luongtran.FoodDeliveryAppUITests;
				PRODUCT_NAME = "$(TARGET_NAME)";
				SWIFT_EMIT_LOC_STRINGS = NO;
				SWIFT_VERSION = 5.0;
				TARGETED_DEVICE_FAMILY = "1,2";
				TEST_TARGET_NAME = FoodDeliveryApp;
			};
			name = Debug;
		};
		38A1A64B288D955D004A8D2B /* Release */ = {
			isa = XCBuildConfiguration;
			buildSettings = {
				ALWAYS_EMBED_SWIFT_STANDARD_LIBRARIES = YES;
				CODE_SIGN_STYLE = Automatic;
				CURRENT_PROJECT_VERSION = 1;
				GENERATE_INFOPLIST_FILE = YES;
				MARKETING_VERSION = 1.0;
				PRODUCT_BUNDLE_IDENTIFIER = com.luongtran.FoodDeliveryAppUITests;
				PRODUCT_NAME = "$(TARGET_NAME)";
				SWIFT_EMIT_LOC_STRINGS = NO;
				SWIFT_VERSION = 5.0;
				TARGETED_DEVICE_FAMILY = "1,2";
				TEST_TARGET_NAME = FoodDeliveryApp;
			};
			name = Release;
		};
/* End XCBuildConfiguration section */

/* Begin XCConfigurationList section */
		38A1A614288D955B004A8D2B /* Build configuration list for PBXProject "FoodDeliveryApp" */ = {
			isa = XCConfigurationList;
			buildConfigurations = (
				38A1A641288D955D004A8D2B /* Debug */,
				38A1A642288D955D004A8D2B /* Release */,
			);
			defaultConfigurationIsVisible = 0;
			defaultConfigurationName = Release;
		};
		38A1A643288D955D004A8D2B /* Build configuration list for PBXNativeTarget "FoodDeliveryApp" */ = {
			isa = XCConfigurationList;
			buildConfigurations = (
				38A1A644288D955D004A8D2B /* Debug */,
				38A1A645288D955D004A8D2B /* Release */,
			);
			defaultConfigurationIsVisible = 0;
			defaultConfigurationName = Release;
		};
		38A1A646288D955D004A8D2B /* Build configuration list for PBXNativeTarget "FoodDeliveryAppTests" */ = {
			isa = XCConfigurationList;
			buildConfigurations = (
				38A1A647288D955D004A8D2B /* Debug */,
				38A1A648288D955D004A8D2B /* Release */,
			);
			defaultConfigurationIsVisible = 0;
			defaultConfigurationName = Release;
		};
		38A1A649288D955D004A8D2B /* Build configuration list for PBXNativeTarget "FoodDeliveryAppUITests" */ = {
			isa = XCConfigurationList;
			buildConfigurations = (
				38A1A64A288D955D004A8D2B /* Debug */,
				38A1A64B288D955D004A8D2B /* Release */,
			);
			defaultConfigurationIsVisible = 0;
			defaultConfigurationName = Release;
		};
/* End XCConfigurationList section */
	};
	rootObject = 38A1A611288D955B004A8D2B /* Project object */;
}
